
Microsoft Visual Studio Solution File, Format Version 12.00
# Visual Studio Version 17
VisualStudioVersion = 17.13.35825.156 d17.13
MinimumVisualStudioVersion = 10.0.40219.1
Project("{FAE04EC0-301F-11D3-BF4B-00C04F79EFBC}") = "PackItPro", "PackItPro.csproj", "{FF1289BB-5AB7-41F4-94B5-E49C93A9251A}"
EndProject
Global
	GlobalSection(SolutionConfigurationPlatforms) = preSolution
		Debug|Any CPU = Debug|Any CPU
		Release|Any CPU = Release|Any CPU
	EndGlobalSection
	GlobalSection(ProjectConfigurationPlatforms) = postSolution
		{FF1289BB-5AB7-41F4-94B5-E49C93A9251A}.Debug|Any CPU.ActiveCfg = Debug|Any CPU
		{FF1289BB-5AB7-41F4-94B5-E49C93A9251A}.Debug|Any CPU.Build.0 = Debug|Any CPU
		{FF1289BB-5AB7-41F4-94B5-E49C93A9251A}.Release|Any CPU.ActiveCfg = Release|Any CPU
		{FF1289BB-5AB7-41F4-94B5-E49C93A9251A}.Release|Any CPU.Build.0 = Release|Any CPU
	EndGlobalSection
	GlobalSection(SolutionProperties) = preSolution
		HideSolutionNode = FALSE
	EndGlobalSection
	GlobalSection(ExtensibilityGlobals) = postSolution
		SolutionGuid = {BA41A1EC-60CC-439B-A85B-DC1DAD51B75C}
	EndGlobalSection
EndGlobal
